
Microsoft Visual Studio Solution File, Format Version 12.00
# Visual Studio Version 17
VisualStudioVersion = 17.7.34031.279
MinimumVisualStudioVersion = 10.0.40219.1
Project("{FAE04EC0-301F-11D3-BF4B-00C04F79EFBC}") = "Test", "Test\Test.csproj", "{7654F830-6D43-4CCA-9B07-CA7233725052}"
EndProject
Global
	GlobalSection(SolutionConfigurationPlatforms) = preSolution
		Debug|Any CPU = Debug|Any CPU
		Release|Any CPU = Release|Any CPU
	EndGlobalSection
	GlobalSection(ProjectConfigurationPlatforms) = postSolution
		{7654F830-6D43-4CCA-9B07-CA7233725052}.Debug|Any CPU.ActiveCfg = Debug|Any CPU
		{7654F830-6D43-4CCA-9B07-CA7233725052}.Debug|Any CPU.Build.0 = Debug|Any CPU
		{7654F830-6D43-4CCA-9B07-CA7233725052}.Release|Any CPU.ActiveCfg = Release|Any CPU
		{7654F830-6D43-4CCA-9B07-CA7233725052}.Release|Any CPU.Build.0 = Release|Any CPU
	EndGlobalSection
	GlobalSection(SolutionProperties) = preSolution
		HideSolutionNode = FALSE
	EndGlobalSection
	GlobalSection(ExtensibilityGlobals) = postSolution
		SolutionGuid = {EA4D1D14-9F25-476E-BCED-2FBFA19FC761}
	EndGlobalSection
EndGlobal
