
Microsoft Visual Studio Solution File, Format Version 12.00
# Visual Studio Version 17
VisualStudioVersion = 17.7.34031.279
MinimumVisualStudioVersion = 10.0.40219.1
Project("{FAE04EC0-301F-11D3-BF4B-00C04F79EFBC}") = "TestRepos", "TestRepos\TestRepos.csproj", "{387E32C1-D7AA-4885-A812-647D5AAC5B99}"
EndProject
Global
	GlobalSection(SolutionConfigurationPlatforms) = preSolution
		Debug|Any CPU = Debug|Any CPU
		Release|Any CPU = Release|Any CPU
	EndGlobalSection
	GlobalSection(ProjectConfigurationPlatforms) = postSolution
		{387E32C1-D7AA-4885-A812-647D5AAC5B99}.Debug|Any CPU.ActiveCfg = Debug|Any CPU
		{387E32C1-D7AA-4885-A812-647D5AAC5B99}.Debug|Any CPU.Build.0 = Debug|Any CPU
		{387E32C1-D7AA-4885-A812-647D5AAC5B99}.Release|Any CPU.ActiveCfg = Release|Any CPU
		{387E32C1-D7AA-4885-A812-647D5AAC5B99}.Release|Any CPU.Build.0 = Release|Any CPU
	EndGlobalSection
	GlobalSection(SolutionProperties) = preSolution
		HideSolutionNode = FALSE
	EndGlobalSection
	GlobalSection(ExtensibilityGlobals) = postSolution
		SolutionGuid = {38CB695A-DD79-4A14-99B6-CFA110D4D323}
	EndGlobalSection
EndGlobal
